
Microsoft Visual Studio Solution File, Format Version 12.00
# Visual Studio 2013
VisualStudioVersion = 12.0.30501.0
MinimumVisualStudioVersion = 10.0.40219.1
Project("{FAE04EC0-301F-11D3-BF4B-00C04F79EFBC}") = "Bocami.Practices.Query.Validation", "Bocami.Practices.Query.Validation\Bocami.Practices.Query.Validation.csproj", "{5B34589B-1BE7-4906-8D44-908F4B6863CE}"
EndProject
Global
	GlobalSection(SolutionConfigurationPlatforms) = preSolution
		Debug|Any CPU = Debug|Any CPU
		Release|Any CPU = Release|Any CPU
	EndGlobalSection
	GlobalSection(ProjectConfigurationPlatforms) = postSolution
		{5B34589B-1BE7-4906-8D44-908F4B6863CE}.Debug|Any CPU.ActiveCfg = Debug|Any CPU
		{5B34589B-1BE7-4906-8D44-908F4B6863CE}.Debug|Any CPU.Build.0 = Debug|Any CPU
		{5B34589B-1BE7-4906-8D44-908F4B6863CE}.Release|Any CPU.ActiveCfg = Release|Any CPU
		{5B34589B-1BE7-4906-8D44-908F4B6863CE}.Release|Any CPU.Build.0 = Release|Any CPU
	EndGlobalSection
	GlobalSection(SolutionProperties) = preSolution
		HideSolutionNode = FALSE
	EndGlobalSection
EndGlobal
